PODS:
  - CocoaLumberjack (2.0.0-beta4):
    - CocoaLumberjack/Default (= 2.0.0-beta4)
    - CocoaLumberjack/Extensions (= 2.0.0-beta4)
  - CocoaLumberjack/Core (2.0.0-beta4)
  - CocoaLumberjack/Default (2.0.0-beta4):
    - CocoaLumberjack/Core
  - CocoaLumberjack/Extensions (2.0.0-beta4):
    - CocoaLumberjack/Default
  - Lockbox (2.1.0)
  - LumberjackConsole (2.4.2):
    - CocoaLumberjack (>= 2.0.0-beta4)
    - NBUCore (>= 2.0.3)
  - MotionOrientation@PTEz (1.1.0)
  - NBUCore (2.0.4)
  - NBUKit (2.4.1):
    - Lockbox (>= 1.4.6)
    - NBUCore (>= 2.0.3)
    - NBUKit/Additions (= 2.4.1)
    - NBUKit/Base (= 2.4.1)
    - NBUKit/Library (= 2.4.1)
    - NBUKit/UI (= 2.4.1)
  - NBUKit/Additions (2.4.1):
    - Lockbox (>= 1.4.6)
    - NBUCore (>= 2.0.3)
    - NBUKit/Base
  - NBUKit/Base (2.4.1):
    - Lockbox (>= 1.4.6)
    - NBUCore (>= 2.0.3)
  - NBUKit/Library (2.4.1):
    - Lockbox (>= 1.4.6)
    - NBUCore (>= 2.0.3)
    - NBUKit/Base
    - NBUKit/Library/RestKitSupport (= 2.4.1)
  - NBUKit/Library/RestKitSupport (2.4.1):
    - Lockbox (>= 1.4.6)
    - NBUCore (>= 2.0.3)
    - NBUKit/Base
  - NBUKit/UI (2.4.1):
    - Lockbox (>= 1.4.6)
    - MotionOrientation@PTEz (>= 1.1.0)
    - NBUCore (>= 2.0.3)
    - NBUKit/Additions
    - NBUKit/Library/RestKitSupport
  - NBULog (1.2.2):
    - CocoaLumberjack (>= 2.0.0-beta4)

DEPENDENCIES:
  - LumberjackConsole
  - NBUKit (from `../`)
  - NBULog

EXTERNAL SOURCES:
  NBUKit:
    :path: ../

SPEC CHECKSUMS:
  CocoaLumberjack: 24153b24b17d853d7182b22b128971fb98e8cb18
  Lockbox: 3168f08cb26680b05a0702b8c0cc6da32788059d
  LumberjackConsole: cb05e10656efd74bfbaf9b9cbec87d0412d2a634
  MotionOrientation@PTEz: ec58ced639faa14d30e63db9ef5cba8ded38b3b5
  NBUCore: 978f24fdc8d79dc8141032bf0121053e3b25c95c
  NBUKit: 2473e163ac365e226abe9838fd241aff81036950
  NBULog: 50d789289ba22b1b44ef24a419031d8aae49b252

COCOAPODS: 0.35.0
