PODS:
  - CocoaLumberjack (2.3.0):
    - CocoaLumberjack/Default (= 2.3.0)
    - CocoaLumberjack/Extensions (= 2.3.0)
  - CocoaLumberjack/Core (2.3.0)
  - CocoaLumberjack/Default (2.3.0):
    - CocoaLumberjack/Core
  - CocoaLumberjack/Extensions (2.3.0):
    - CocoaLumberjack/Default
  - Lockbox (3.0.0)
  - LumberjackConsole (2.4.3):
    - CocoaLumberjack (>= 2.0.0)
    - NBUCore (>= 2.0.3)
  - MotionOrientation@PTEz (1.1.0)
  - NBUCore (2.0.5)
  - NBUKit (2.4.2):
    - Lockbox (>= 3.0.0)
    - NBUCore (>= 2.0.5)
    - NBUKit/Additions (= 2.4.2)
    - NBUKit/Base (= 2.4.2)
    - NBUKit/Library (= 2.4.2)
    - NBUKit/UI (= 2.4.2)
  - NBUKit/Additions (2.4.2):
    - Lockbox (>= 3.0.0)
    - NBUCore (>= 2.0.5)
    - NBUKit/Base
  - NBUKit/Base (2.4.2):
    - Lockbox (>= 3.0.0)
    - NBUCore (>= 2.0.5)
  - NBUKit/Library (2.4.2):
    - Lockbox (>= 3.0.0)
    - NBUCore (>= 2.0.5)
    - NBUKit/Base
    - NBUKit/Library/RestKitSupport (= 2.4.2)
  - NBUKit/Library/RestKitSupport (2.4.2):
    - Lockbox (>= 3.0.0)
    - NBUCore (>= 2.0.5)
    - NBUKit/Base
  - NBUKit/UI (2.4.2):
    - Lockbox (>= 3.0.0)
    - MotionOrientation@PTEz (>= 1.1.0)
    - NBUCore (>= 2.0.5)
    - NBUKit/Additions
    - NBUKit/Library/RestKitSupport
  - NBULog (1.2.4):
    - CocoaLumberjack (>= 2.0.0)

DEPENDENCIES:
  - LumberjackConsole
  - NBUKit (from `../`)
  - NBULog

EXTERNAL SOURCES:
  NBUKit:
    :path: ../

SPEC CHECKSUMS:
  CocoaLumberjack: 97fab7ee5f507fe54445cca7ea80f926729cfd15
  Lockbox: 3b23507064de0bfcd772f54eddf41064d4152703
  LumberjackConsole: 81bad3312fea315b8a17e53926b014f032ec1f44
  MotionOrientation@PTEz: 5c92c6c1fe6c2cb6c60348ec66b42d466668037f
  NBUCore: bfdce78c97f2a9566c97082f44157547223b22a6
  NBUKit: 918f6f494c2053b61edd1d9d650a1ae82ba464ac
  NBULog: 4003be6706b97a7e376ab4171c666ac7c2fbc2b2

COCOAPODS: 0.39.0
