PODS:
  - CocoaLumberjack (1.6.2)
  - GPUImage (0.2.0)
  - Lockbox (1.4.3)
  - NBUCore (2.0.0):
    - CocoaLumberjack (~> 1.6.2)
    - Lockbox (~> 1.4.3)
    - NBUCore/Additions
    - NBUCore/Dashboard
    - NBUCore/Helpers
    - NBUCore/UI
  - NBUCore/Additions (2.0.0):
    - CocoaLumberjack (~> 1.6.2)
    - Lockbox (~> 1.4.3)
  - NBUCore/Dashboard (2.0.0):
    - CocoaLumberjack (~> 1.6.2)
    - Lockbox (~> 1.4.3)
  - NBUCore/Helpers (2.0.0):
    - CocoaLumberjack (~> 1.6.2)
    - Lockbox (~> 1.4.3)
  - NBUCore/UI (2.0.0):
    - CocoaLumberjack (~> 1.6.2)
    - Lockbox (~> 1.4.3)
  - NBUKit (1.9.5):
    - NBUCore (~> 2.0.0)
    - NBUKit/Assets
    - NBUKit/Image
    - NBUKit/Library
    - NBUKit/Picker
    - NBUKit/Resources
    - NBUKit/UI
  - NBUKit/Assets (1.9.5):
    - NBUCore (~> 2.0.0)
  - NBUKit/Image (1.9.5):
    - GPUImage (>= 0.1.0)
    - NBUCore (~> 2.0.0)
  - NBUKit/Library (1.9.5):
    - NBUCore (~> 2.0.0)
    - NBUKit/Library/MotionOrientation
    - NBUKit/Library/NBUCompatibility
    - NBUKit/Library/RBVolumeButtons
    - NBUKit/Library/RestKit Support
  - NBUKit/Library/MotionOrientation (1.9.5):
    - NBUCore (~> 2.0.0)
  - NBUKit/Library/NBUCompatibility (1.9.5):
    - NBUCore (~> 2.0.0)
  - NBUKit/Library/RBVolumeButtons (1.9.5):
    - NBUCore (~> 2.0.0)
  - NBUKit/Library/RestKit Support (1.9.5):
    - NBUCore (~> 2.0.0)
  - NBUKit/Picker (1.9.5):
    - NBUCore (~> 2.0.0)
  - NBUKit/Resources (1.9.5):
    - NBUCore (~> 2.0.0)
  - NBUKit/UI (1.9.5):
    - NBUCore (~> 2.0.0)

DEPENDENCIES:
  - GPUImage (from `../Library/GPUImage.podspec`)
  - NBUCore (from `https://github.com/CyberAgent/iOS-NBUCore.git`, commit `990473314a3708750dae7a6a124b8abe1820edc1`)
  - NBUKit (from `../`)

EXTERNAL SOURCES:
  GPUImage:
    :podspec: ../Library/GPUImage.podspec
  NBUCore:
    :commit: 990473314a3708750dae7a6a124b8abe1820edc1
    :git: https://github.com/CyberAgent/iOS-NBUCore.git
  NBUKit:
    :path: ../

SPEC CHECKSUMS:
  CocoaLumberjack: d73e1e317ced14ab930797dda6c17156ff17aaa1
  GPUImage: 83f0ececd92cf638b7cd7bb2d1a4c3259a254b87
  Lockbox: 1bcfd564f034b83456fcad5bdd49470a80a38d2b
  NBUCore: 21b37b65fb28894af3d54d1d0f9a3031af6eb1ed
  NBUKit: 2218cf26e6ad3c6c25d38adf626a10ed191ddc72

COCOAPODS: 0.25.0
